
Microsoft Visual Studio Solution File, Format Version 12.00
# Visual Studio Version 17
VisualStudioVersion = 17.7.34221.43
MinimumVisualStudioVersion = 10.0.40219.1
Project("{FAE04EC0-301F-11D3-BF4B-00C04F79EFBC}") = "DifferentObjectsInList", "DifferentObjectsInList.csproj", "{12FDB993-C4EB-4C99-9B41-099370EA3808}"
EndProject
Global
	GlobalSection(SolutionConfigurationPlatforms) = preSolution
		Debug|Any CPU = Debug|Any CPU
		Release|Any CPU = Release|Any CPU
	EndGlobalSection
	GlobalSection(ProjectConfigurationPlatforms) = postSolution
		{12FDB993-C4EB-4C99-9B41-099370EA3808}.Debug|Any CPU.ActiveCfg = Debug|Any CPU
		{12FDB993-C4EB-4C99-9B41-099370EA3808}.Debug|Any CPU.Build.0 = Debug|Any CPU
		{12FDB993-C4EB-4C99-9B41-099370EA3808}.Release|Any CPU.ActiveCfg = Release|Any CPU
		{12FDB993-C4EB-4C99-9B41-099370EA3808}.Release|Any CPU.Build.0 = Release|Any CPU
	EndGlobalSection
	GlobalSection(SolutionProperties) = preSolution
		HideSolutionNode = FALSE
	EndGlobalSection
	GlobalSection(ExtensibilityGlobals) = postSolution
		SolutionGuid = {1E1D1EA3-2076-4065-B986-F14057A8F8F9}
	EndGlobalSection
EndGlobal
